{
  "name": "ttics",
  "version": "0.0.0",
  "lockfileVersion": 3,
  "requires": true,
  "packages": {
    "": {
      "name": "ttics",
      "version": "0.0.0",
      "workspaces": [
        "packages/*"
      ],
      "bin": {
        "tics": "packages/team-tactics/bin/cli.js",
        "ttics": "packages/team-tactics/bin/cli.js"
      }
    },
    "node_modules/@ttics/tdd": {
      "resolved": "packages/tdd",
      "link": true
    },
    "node_modules/@ttics/tics": {
      "resolved": "packages/tics",
      "link": true
    },
    "node_modules/team-tactics": {
      "resolved": "packages/team-tactics",
      "link": true
    },
    "packages/tdd": {
      "name": "@ttics/tdd",
      "version": "0.21.0",
      "license": "MIT",
      "dependencies": {
        "@ttics/tics": "*"
      },
      "bin": {
        "tdd": "bin/tdd.js"
      }
    },
    "packages/team-tactics": {
      "version": "0.21.0",
      "license": "UNLICENSED",
      "dependencies": {
        "@ttics/tdd": "*",
        "@ttics/tics": "*"
      },
      "bin": {
        "tics": "bin/cli.js"
      },
      "engines": {
        "node": ">=16"
      }
    },
    "packages/tics": {
      "name": "@ttics/tics",
      "version": "0.21.0",
      "license": "MIT",
      "bin": {
        "tics": "bin/tics.js"
      }
    }
  }
}
